
Microsoft Visual Studio Solution File, Format Version 12.00
# Visual Studio Version 16
VisualStudioVersion = 16.0.30413.136
MinimumVisualStudioVersion = 10.0.40219.1
Project("{9A19103F-16F7-4668-BE54-9A1E7A4F7556}") = "SyrianShop", "SyrianShop\SyrianShop.csproj", "{D974F9A8-5C32-4D26-A6C4-4FAB60FA6BB5}"
EndProject
Project("{9A19103F-16F7-4668-BE54-9A1E7A4F7556}") = "ShopInterface", "ShopInterface\ShopInterface.csproj", "{814AE318-B1A7-4C35-8933-721BB5F5D502}"
EndProject
Global
	GlobalSection(SolutionConfigurationPlatforms) = preSolution
		Debug|Any CPU = Debug|Any CPU
		Release|Any CPU = Release|Any CPU
	EndGlobalSection
	GlobalSection(ProjectConfigurationPlatforms) = postSolution
		{D974F9A8-5C32-4D26-A6C4-4FAB60FA6BB5}.Debug|Any CPU.ActiveCfg = Debug|Any CPU
		{D974F9A8-5C32-4D26-A6C4-4FAB60FA6BB5}.Debug|Any CPU.Build.0 = Debug|Any CPU
		{D974F9A8-5C32-4D26-A6C4-4FAB60FA6BB5}.Release|Any CPU.ActiveCfg = Release|Any CPU
		{D974F9A8-5C32-4D26-A6C4-4FAB60FA6BB5}.Release|Any CPU.Build.0 = Release|Any CPU
		{814AE318-B1A7-4C35-8933-721BB5F5D502}.Debug|Any CPU.ActiveCfg = Debug|Any CPU
		{814AE318-B1A7-4C35-8933-721BB5F5D502}.Debug|Any CPU.Build.0 = Debug|Any CPU
		{814AE318-B1A7-4C35-8933-721BB5F5D502}.Release|Any CPU.ActiveCfg = Release|Any CPU
		{814AE318-B1A7-4C35-8933-721BB5F5D502}.Release|Any CPU.Build.0 = Release|Any CPU
	EndGlobalSection
	GlobalSection(SolutionProperties) = preSolution
		HideSolutionNode = FALSE
	EndGlobalSection
	GlobalSection(ExtensibilityGlobals) = postSolution
		SolutionGuid = {22220BEC-D520-4DE1-B649-A262ADD0F1B1}
	EndGlobalSection
EndGlobal
